
Microsoft Visual Studio Solution File, Format Version 12.00
# Visual Studio Version 18
VisualStudioVersion = 18.6.11806.211 stable
MinimumVisualStudioVersion = 10.0.40219.1
Project("{FAE04EC0-301F-11D3-BF4B-00C04F79EFBC}") = "JobSniper", "JobSniper\JobSniper.csproj", "{FA022678-D2E7-4143-8288-1BE41F90984C}"
EndProject
Project("{FAE04EC0-301F-11D3-BF4B-00C04F79EFBC}") = "SniperIntel", "SniperIntel\SniperIntel.csproj", "{62380965-F4D9-4803-82CA-F99DA2C07E2A}"
EndProject
Global
	GlobalSection(SolutionConfigurationPlatforms) = preSolution
		Debug|Any CPU = Debug|Any CPU
		Release|Any CPU = Release|Any CPU
	EndGlobalSection
	GlobalSection(ProjectConfigurationPlatforms) = postSolution
		{FA022678-D2E7-4143-8288-1BE41F90984C}.Debug|Any CPU.ActiveCfg = Debug|Any CPU
		{FA022678-D2E7-4143-8288-1BE41F90984C}.Debug|Any CPU.Build.0 = Debug|Any CPU
		{FA022678-D2E7-4143-8288-1BE41F90984C}.Release|Any CPU.ActiveCfg = Release|Any CPU
		{FA022678-D2E7-4143-8288-1BE41F90984C}.Release|Any CPU.Build.0 = Release|Any CPU
		{62380965-F4D9-4803-82CA-F99DA2C07E2A}.Debug|Any CPU.ActiveCfg = Debug|Any CPU
		{62380965-F4D9-4803-82CA-F99DA2C07E2A}.Debug|Any CPU.Build.0 = Debug|Any CPU
		{62380965-F4D9-4803-82CA-F99DA2C07E2A}.Release|Any CPU.ActiveCfg = Release|Any CPU
		{62380965-F4D9-4803-82CA-F99DA2C07E2A}.Release|Any CPU.Build.0 = Release|Any CPU
	EndGlobalSection
	GlobalSection(SolutionProperties) = preSolution
		HideSolutionNode = FALSE
	EndGlobalSection
	GlobalSection(ExtensibilityGlobals) = postSolution
		SolutionGuid = {C8FEA712-4861-4419-B38E-A77BFAF618B7}
	EndGlobalSection
EndGlobal
